
Microsoft Visual Studio Solution File, Format Version 12.00
# Visual Studio Version 16
VisualStudioVersion = 16.0.29519.181
MinimumVisualStudioVersion = 10.0.40219.1
Project("{FAE04EC0-301F-11D3-BF4B-00C04F79EFBC}") = "Mair.DigitalSuite.TagDispatcher", "Mair.DigitalSuite.TagDispatcher.csproj", "{9095783C-0D71-4FF8-A6BC-1D4F3E7190C5}"
EndProject
Global
	GlobalSection(SolutionConfigurationPlatforms) = preSolution
		Debug|Any CPU = Debug|Any CPU
		Release|Any CPU = Release|Any CPU
	EndGlobalSection
	GlobalSection(ProjectConfigurationPlatforms) = postSolution
		{9095783C-0D71-4FF8-A6BC-1D4F3E7190C5}.Debug|Any CPU.ActiveCfg = Debug|Any CPU
		{9095783C-0D71-4FF8-A6BC-1D4F3E7190C5}.Debug|Any CPU.Build.0 = Debug|Any CPU
		{9095783C-0D71-4FF8-A6BC-1D4F3E7190C5}.Release|Any CPU.ActiveCfg = Release|Any CPU
		{9095783C-0D71-4FF8-A6BC-1D4F3E7190C5}.Release|Any CPU.Build.0 = Release|Any CPU
	EndGlobalSection
	GlobalSection(SolutionProperties) = preSolution
		HideSolutionNode = FALSE
	EndGlobalSection
	GlobalSection(ExtensibilityGlobals) = postSolution
		SolutionGuid = {54C99264-6314-4144-B3BA-4C43861224DD}
	EndGlobalSection
EndGlobal
