
Microsoft Visual Studio Solution File, Format Version 12.00
# Visual Studio 15
VisualStudioVersion = 15.0.27004.2009
MinimumVisualStudioVersion = 10.0.40219.1
Project("{FAE04EC0-301F-11D3-BF4B-00C04F79EFBC}") = "MVVMHierarchiesDemo", "MVVMHierarchiesDemo\MVVMHierarchiesDemo.csproj", "{4DA8A40F-C0FA-4E8D-96AB-F6522B3AACB5}"
EndProject
Global
	GlobalSection(SolutionConfigurationPlatforms) = preSolution
		Debug|Any CPU = Debug|Any CPU
		Release|Any CPU = Release|Any CPU
	EndGlobalSection
	GlobalSection(ProjectConfigurationPlatforms) = postSolution
		{4DA8A40F-C0FA-4E8D-96AB-F6522B3AACB5}.Debug|Any CPU.ActiveCfg = Debug|Any CPU
		{4DA8A40F-C0FA-4E8D-96AB-F6522B3AACB5}.Debug|Any CPU.Build.0 = Debug|Any CPU
		{4DA8A40F-C0FA-4E8D-96AB-F6522B3AACB5}.Release|Any CPU.ActiveCfg = Release|Any CPU
		{4DA8A40F-C0FA-4E8D-96AB-F6522B3AACB5}.Release|Any CPU.Build.0 = Release|Any CPU
	EndGlobalSection
	GlobalSection(SolutionProperties) = preSolution
		HideSolutionNode = FALSE
	EndGlobalSection
	GlobalSection(ExtensibilityGlobals) = postSolution
		SolutionGuid = {59261827-D17E-445C-8D84-B70CEDABF708}
	EndGlobalSection
EndGlobal
