
Microsoft Visual Studio Solution File, Format Version 12.00
# Visual Studio Version 17
VisualStudioVersion = 17.9.34616.47
MinimumVisualStudioVersion = 10.0.40219.1
Project("{FAE04EC0-301F-11D3-BF4B-00C04F79EFBC}") = "MoveMouseAndClick", "MoveMouseAndClick.csproj", "{B782D3ED-171D-4084-B70C-C05DE3010FE7}"
EndProject
Global
	GlobalSection(SolutionConfigurationPlatforms) = preSolution
		Debug|Any CPU = Debug|Any CPU
		Release|Any CPU = Release|Any CPU
	EndGlobalSection
	GlobalSection(ProjectConfigurationPlatforms) = postSolution
		{B782D3ED-171D-4084-B70C-C05DE3010FE7}.Debug|Any CPU.ActiveCfg = Debug|Any CPU
		{B782D3ED-171D-4084-B70C-C05DE3010FE7}.Debug|Any CPU.Build.0 = Debug|Any CPU
		{B782D3ED-171D-4084-B70C-C05DE3010FE7}.Release|Any CPU.ActiveCfg = Release|Any CPU
		{B782D3ED-171D-4084-B70C-C05DE3010FE7}.Release|Any CPU.Build.0 = Release|Any CPU
	EndGlobalSection
	GlobalSection(SolutionProperties) = preSolution
		HideSolutionNode = FALSE
	EndGlobalSection
	GlobalSection(ExtensibilityGlobals) = postSolution
		SolutionGuid = {73A01A57-823F-451E-8BA4-CB79CF37AD44}
	EndGlobalSection
EndGlobal
