
Microsoft Visual Studio Solution File, Format Version 12.00
# Visual Studio 15
VisualStudioVersion = 15.0.27703.2042
MinimumVisualStudioVersion = 10.0.40219.1
Project("{FAE04EC0-301F-11D3-BF4B-00C04F79EFBC}") = "HomeControlCommands", "HomeControlCommands\HomeControlCommands.csproj", "{7163E5EB-8629-4894-9EC2-B0485FD77A80}"
EndProject
Global
	GlobalSection(SolutionConfigurationPlatforms) = preSolution
		Debug|ARM = Debug|ARM
		Debug|x64 = Debug|x64
		Debug|x86 = Debug|x86
		Release|ARM = Release|ARM
		Release|x64 = Release|x64
		Release|x86 = Release|x86
	EndGlobalSection
	GlobalSection(ProjectConfigurationPlatforms) = postSolution
		{7163E5EB-8629-4894-9EC2-B0485FD77A80}.Debug|ARM.ActiveCfg = Debug|ARM
		{7163E5EB-8629-4894-9EC2-B0485FD77A80}.Debug|ARM.Build.0 = Debug|ARM
		{7163E5EB-8629-4894-9EC2-B0485FD77A80}.Debug|ARM.Deploy.0 = Debug|ARM
		{7163E5EB-8629-4894-9EC2-B0485FD77A80}.Debug|x64.ActiveCfg = Debug|x64
		{7163E5EB-8629-4894-9EC2-B0485FD77A80}.Debug|x64.Build.0 = Debug|x64
		{7163E5EB-8629-4894-9EC2-B0485FD77A80}.Debug|x64.Deploy.0 = Debug|x64
		{7163E5EB-8629-4894-9EC2-B0485FD77A80}.Debug|x86.ActiveCfg = Debug|x86
		{7163E5EB-8629-4894-9EC2-B0485FD77A80}.Debug|x86.Build.0 = Debug|x86
		{7163E5EB-8629-4894-9EC2-B0485FD77A80}.Debug|x86.Deploy.0 = Debug|x86
		{7163E5EB-8629-4894-9EC2-B0485FD77A80}.Release|ARM.ActiveCfg = Release|ARM
		{7163E5EB-8629-4894-9EC2-B0485FD77A80}.Release|ARM.Build.0 = Release|ARM
		{7163E5EB-8629-4894-9EC2-B0485FD77A80}.Release|ARM.Deploy.0 = Release|ARM
		{7163E5EB-8629-4894-9EC2-B0485FD77A80}.Release|x64.ActiveCfg = Release|x64
		{7163E5EB-8629-4894-9EC2-B0485FD77A80}.Release|x64.Build.0 = Release|x64
		{7163E5EB-8629-4894-9EC2-B0485FD77A80}.Release|x64.Deploy.0 = Release|x64
		{7163E5EB-8629-4894-9EC2-B0485FD77A80}.Release|x86.ActiveCfg = Release|x86
		{7163E5EB-8629-4894-9EC2-B0485FD77A80}.Release|x86.Build.0 = Release|x86
		{7163E5EB-8629-4894-9EC2-B0485FD77A80}.Release|x86.Deploy.0 = Release|x86
	EndGlobalSection
	GlobalSection(SolutionProperties) = preSolution
		HideSolutionNode = FALSE
	EndGlobalSection
	GlobalSection(ExtensibilityGlobals) = postSolution
		SolutionGuid = {7FCA7A63-ACE1-4C60-8672-DE43BDA8DF2E}
	EndGlobalSection
EndGlobal
