
Microsoft Visual Studio Solution File, Format Version 12.00
# Visual Studio Version 17
VisualStudioVersion = 17.0.31912.275
MinimumVisualStudioVersion = 10.0.40219.1
Project("{FAE04EC0-301F-11D3-BF4B-00C04F79EFBC}") = "GoogleManagerModels", "GoogleManagerModels\GoogleManagerModels.csproj", "{6C716CD1-D5B3-4DF3-A43B-012587B0E2DE}"
EndProject
Project("{FAE04EC0-301F-11D3-BF4B-00C04F79EFBC}") = "GoogleCreateCredentialsTool", "GoogleCreateCredentialsTool\GoogleCreateCredentialsTool.csproj", "{86CA0A5A-9A3E-4135-9AD1-2F9E17FF418E}"
EndProject
Project("{FAE04EC0-301F-11D3-BF4B-00C04F79EFBC}") = "GoogleService", "GoogleService\GoogleService.csproj", "{8AA5A93D-99A1-4732-B3B4-6F701F822931}"
EndProject
Project("{FAE04EC0-301F-11D3-BF4B-00C04F79EFBC}") = "GoogleCalendar", "GoogleCalendar\GoogleCalendar.csproj", "{FC0A4DA8-9B65-40B9-8C79-D3737B30CE39}"
EndProject
Project("{FAE04EC0-301F-11D3-BF4B-00C04F79EFBC}") = "GoogleNote", "GoogleNote\GoogleNote.csproj", "{15E2BD15-6917-4BFA-AFE4-F2E24296680B}"
EndProject
Project("{FAE04EC0-301F-11D3-BF4B-00C04F79EFBC}") = "WindowsFormsApp1", "WindowsFormsApp1\WindowsFormsApp1.csproj", "{9C14E978-AB25-4557-AC4D-421D4539EA43}"
EndProject
Project("{FAE04EC0-301F-11D3-BF4B-00C04F79EFBC}") = "WindowsFormsApp2", "WindowsFormsApp2\WindowsFormsApp2.csproj", "{D71CF554-2A29-4E25-9985-0FC382E141A9}"
EndProject
Project("{FAE04EC0-301F-11D3-BF4B-00C04F79EFBC}") = "GoogleDrive", "GoogleDrive\GoogleDrive.csproj", "{4F591496-BC6B-4416-BE72-9E9921B6317F}"
EndProject
Global
	GlobalSection(SolutionConfigurationPlatforms) = preSolution
		Debug|Any CPU = Debug|Any CPU
		Release|Any CPU = Release|Any CPU
	EndGlobalSection
	GlobalSection(ProjectConfigurationPlatforms) = postSolution
		{6C716CD1-D5B3-4DF3-A43B-012587B0E2DE}.Debug|Any CPU.ActiveCfg = Debug|Any CPU
		{6C716CD1-D5B3-4DF3-A43B-012587B0E2DE}.Debug|Any CPU.Build.0 = Debug|Any CPU
		{6C716CD1-D5B3-4DF3-A43B-012587B0E2DE}.Release|Any CPU.ActiveCfg = Release|Any CPU
		{6C716CD1-D5B3-4DF3-A43B-012587B0E2DE}.Release|Any CPU.Build.0 = Release|Any CPU
		{86CA0A5A-9A3E-4135-9AD1-2F9E17FF418E}.Debug|Any CPU.ActiveCfg = Debug|Any CPU
		{86CA0A5A-9A3E-4135-9AD1-2F9E17FF418E}.Debug|Any CPU.Build.0 = Debug|Any CPU
		{86CA0A5A-9A3E-4135-9AD1-2F9E17FF418E}.Release|Any CPU.ActiveCfg = Release|Any CPU
		{86CA0A5A-9A3E-4135-9AD1-2F9E17FF418E}.Release|Any CPU.Build.0 = Release|Any CPU
		{8AA5A93D-99A1-4732-B3B4-6F701F822931}.Debug|Any CPU.ActiveCfg = Debug|Any CPU
		{8AA5A93D-99A1-4732-B3B4-6F701F822931}.Debug|Any CPU.Build.0 = Debug|Any CPU
		{8AA5A93D-99A1-4732-B3B4-6F701F822931}.Release|Any CPU.ActiveCfg = Release|Any CPU
		{8AA5A93D-99A1-4732-B3B4-6F701F822931}.Release|Any CPU.Build.0 = Release|Any CPU
		{FC0A4DA8-9B65-40B9-8C79-D3737B30CE39}.Debug|Any CPU.ActiveCfg = Debug|Any CPU
		{FC0A4DA8-9B65-40B9-8C79-D3737B30CE39}.Debug|Any CPU.Build.0 = Debug|Any CPU
		{FC0A4DA8-9B65-40B9-8C79-D3737B30CE39}.Release|Any CPU.ActiveCfg = Release|Any CPU
		{FC0A4DA8-9B65-40B9-8C79-D3737B30CE39}.Release|Any CPU.Build.0 = Release|Any CPU
		{15E2BD15-6917-4BFA-AFE4-F2E24296680B}.Debug|Any CPU.ActiveCfg = Debug|Any CPU
		{15E2BD15-6917-4BFA-AFE4-F2E24296680B}.Debug|Any CPU.Build.0 = Debug|Any CPU
		{15E2BD15-6917-4BFA-AFE4-F2E24296680B}.Release|Any CPU.ActiveCfg = Release|Any CPU
		{15E2BD15-6917-4BFA-AFE4-F2E24296680B}.Release|Any CPU.Build.0 = Release|Any CPU
		{9C14E978-AB25-4557-AC4D-421D4539EA43}.Debug|Any CPU.ActiveCfg = Debug|Any CPU
		{9C14E978-AB25-4557-AC4D-421D4539EA43}.Debug|Any CPU.Build.0 = Debug|Any CPU
		{9C14E978-AB25-4557-AC4D-421D4539EA43}.Release|Any CPU.ActiveCfg = Release|Any CPU
		{9C14E978-AB25-4557-AC4D-421D4539EA43}.Release|Any CPU.Build.0 = Release|Any CPU
		{D71CF554-2A29-4E25-9985-0FC382E141A9}.Debug|Any CPU.ActiveCfg = Debug|Any CPU
		{D71CF554-2A29-4E25-9985-0FC382E141A9}.Debug|Any CPU.Build.0 = Debug|Any CPU
		{D71CF554-2A29-4E25-9985-0FC382E141A9}.Release|Any CPU.ActiveCfg = Release|Any CPU
		{D71CF554-2A29-4E25-9985-0FC382E141A9}.Release|Any CPU.Build.0 = Release|Any CPU
		{4F591496-BC6B-4416-BE72-9E9921B6317F}.Debug|Any CPU.ActiveCfg = Debug|Any CPU
		{4F591496-BC6B-4416-BE72-9E9921B6317F}.Debug|Any CPU.Build.0 = Debug|Any CPU
		{4F591496-BC6B-4416-BE72-9E9921B6317F}.Release|Any CPU.ActiveCfg = Release|Any CPU
		{4F591496-BC6B-4416-BE72-9E9921B6317F}.Release|Any CPU.Build.0 = Release|Any CPU
	EndGlobalSection
	GlobalSection(SolutionProperties) = preSolution
		HideSolutionNode = FALSE
	EndGlobalSection
	GlobalSection(ExtensibilityGlobals) = postSolution
		SolutionGuid = {3DDF1148-EEA0-464F-B670-F9D77F858EFB}
	EndGlobalSection
EndGlobal
