
Microsoft Visual Studio Solution File, Format Version 12.00
# Visual Studio Version 17
VisualStudioVersion = 17.0.31912.275
MinimumVisualStudioVersion = 10.0.40219.1
Project("{FAE04EC0-301F-11D3-BF4B-00C04F79EFBC}") = "Supp.Models", "Supp.Models.csproj", "{D95DD71C-F584-4220-B481-7DBE3A3BC7A1}"
EndProject
Global
	GlobalSection(SolutionConfigurationPlatforms) = preSolution
		Debug|Any CPU = Debug|Any CPU
		Release|Any CPU = Release|Any CPU
	EndGlobalSection
	GlobalSection(ProjectConfigurationPlatforms) = postSolution
		{D95DD71C-F584-4220-B481-7DBE3A3BC7A1}.Debug|Any CPU.ActiveCfg = Debug|Any CPU
		{D95DD71C-F584-4220-B481-7DBE3A3BC7A1}.Debug|Any CPU.Build.0 = Debug|Any CPU
		{D95DD71C-F584-4220-B481-7DBE3A3BC7A1}.Release|Any CPU.ActiveCfg = Release|Any CPU
		{D95DD71C-F584-4220-B481-7DBE3A3BC7A1}.Release|Any CPU.Build.0 = Release|Any CPU
	EndGlobalSection
	GlobalSection(SolutionProperties) = preSolution
		HideSolutionNode = FALSE
	EndGlobalSection
	GlobalSection(ExtensibilityGlobals) = postSolution
		SolutionGuid = {36D7616A-B5A7-449E-BBE9-2F2E8B8BC166}
	EndGlobalSection
EndGlobal
