
Microsoft Visual Studio Solution File, Format Version 12.00
# Visual Studio Version 16
VisualStudioVersion = 16.0.29519.181
MinimumVisualStudioVersion = 10.0.40219.1
Project("{00D1A9C2-B5F0-4AF3-8072-F6C62B433612}") = "Mair.DigitalSuite.Database", "Mair.DigitalSuite.Database.sqlproj", "{EE8AD241-F821-4409-8AA2-879937441413}"
EndProject
Global
	GlobalSection(SolutionConfigurationPlatforms) = preSolution
		Debug|Any CPU = Debug|Any CPU
		Release|Any CPU = Release|Any CPU
	EndGlobalSection
	GlobalSection(ProjectConfigurationPlatforms) = postSolution
		{EE8AD241-F821-4409-8AA2-879937441413}.Debug|Any CPU.ActiveCfg = Debug|Any CPU
		{EE8AD241-F821-4409-8AA2-879937441413}.Debug|Any CPU.Build.0 = Debug|Any CPU
		{EE8AD241-F821-4409-8AA2-879937441413}.Debug|Any CPU.Deploy.0 = Debug|Any CPU
		{EE8AD241-F821-4409-8AA2-879937441413}.Release|Any CPU.ActiveCfg = Release|Any CPU
		{EE8AD241-F821-4409-8AA2-879937441413}.Release|Any CPU.Build.0 = Release|Any CPU
		{EE8AD241-F821-4409-8AA2-879937441413}.Release|Any CPU.Deploy.0 = Release|Any CPU
	EndGlobalSection
	GlobalSection(SolutionProperties) = preSolution
		HideSolutionNode = FALSE
	EndGlobalSection
	GlobalSection(ExtensibilityGlobals) = postSolution
		SolutionGuid = {696C4123-CF7A-425E-A5CB-5A4396F0353F}
	EndGlobalSection
EndGlobal
