
Microsoft Visual Studio Solution File, Format Version 12.00
# Visual Studio Version 16
VisualStudioVersion = 16.0.29411.108
MinimumVisualStudioVersion = 10.0.40219.1
Project("{FAE04EC0-301F-11D3-BF4B-00C04F79EFBC}") = "csAddinsTest", "csAddinsTest\csAddinsTest.csproj", "{5855313E-4ADB-491F-BE84-71943483C96F}"
EndProject
Project("{FAE04EC0-301F-11D3-BF4B-00C04F79EFBC}") = "GetAllElements", "GetAllElements\GetAllElements.csproj", "{A42DCE97-73B3-4B5A-A2A6-12E521BCAF77}"
EndProject
Project("{FAE04EC0-301F-11D3-BF4B-00C04F79EFBC}") = "BatchConvert", "BatchConvert\BatchConvert.csproj", "{1DB61F7B-183B-4BA0-B94C-D202C3F0AC6A}"
EndProject
Global
	GlobalSection(SolutionConfigurationPlatforms) = preSolution
		Debug|Any CPU = Debug|Any CPU
		Release|Any CPU = Release|Any CPU
	EndGlobalSection
	GlobalSection(ProjectConfigurationPlatforms) = postSolution
		{5855313E-4ADB-491F-BE84-71943483C96F}.Debug|Any CPU.ActiveCfg = Debug|Any CPU
		{5855313E-4ADB-491F-BE84-71943483C96F}.Debug|Any CPU.Build.0 = Debug|Any CPU
		{5855313E-4ADB-491F-BE84-71943483C96F}.Release|Any CPU.ActiveCfg = Release|Any CPU
		{5855313E-4ADB-491F-BE84-71943483C96F}.Release|Any CPU.Build.0 = Release|Any CPU
		{A42DCE97-73B3-4B5A-A2A6-12E521BCAF77}.Debug|Any CPU.ActiveCfg = Debug|Any CPU
		{A42DCE97-73B3-4B5A-A2A6-12E521BCAF77}.Debug|Any CPU.Build.0 = Debug|Any CPU
		{A42DCE97-73B3-4B5A-A2A6-12E521BCAF77}.Release|Any CPU.ActiveCfg = Release|Any CPU
		{A42DCE97-73B3-4B5A-A2A6-12E521BCAF77}.Release|Any CPU.Build.0 = Release|Any CPU
		{1DB61F7B-183B-4BA0-B94C-D202C3F0AC6A}.Debug|Any CPU.ActiveCfg = Debug|Any CPU
		{1DB61F7B-183B-4BA0-B94C-D202C3F0AC6A}.Debug|Any CPU.Build.0 = Debug|Any CPU
		{1DB61F7B-183B-4BA0-B94C-D202C3F0AC6A}.Release|Any CPU.ActiveCfg = Release|Any CPU
		{1DB61F7B-183B-4BA0-B94C-D202C3F0AC6A}.Release|Any CPU.Build.0 = Release|Any CPU
	EndGlobalSection
	GlobalSection(SolutionProperties) = preSolution
		HideSolutionNode = FALSE
	EndGlobalSection
	GlobalSection(ExtensibilityGlobals) = postSolution
		SolutionGuid = {20229ABE-4D57-42AD-8B8B-B338D2D399D7}
	EndGlobalSection
EndGlobal
