
Microsoft Visual Studio Solution File, Format Version 12.00
# Visual Studio 15
VisualStudioVersion = 15.0.28307.136
MinimumVisualStudioVersion = 10.0.40219.1
Project("{FAE04EC0-301F-11D3-BF4B-00C04F79EFBC}") = "GetAttestati", "GetAttestati\GetAttestati.csproj", "{4681412F-72D6-4B01-9B80-80F371D8AB8E}"
EndProject
Global
	GlobalSection(SolutionConfigurationPlatforms) = preSolution
		Debug|Any CPU = Debug|Any CPU
		Release|Any CPU = Release|Any CPU
	EndGlobalSection
	GlobalSection(ProjectConfigurationPlatforms) = postSolution
		{4681412F-72D6-4B01-9B80-80F371D8AB8E}.Debug|Any CPU.ActiveCfg = Debug|Any CPU
		{4681412F-72D6-4B01-9B80-80F371D8AB8E}.Debug|Any CPU.Build.0 = Debug|Any CPU
		{4681412F-72D6-4B01-9B80-80F371D8AB8E}.Release|Any CPU.ActiveCfg = Release|Any CPU
		{4681412F-72D6-4B01-9B80-80F371D8AB8E}.Release|Any CPU.Build.0 = Release|Any CPU
	EndGlobalSection
	GlobalSection(SolutionProperties) = preSolution
		HideSolutionNode = FALSE
	EndGlobalSection
	GlobalSection(ExtensibilityGlobals) = postSolution
		SolutionGuid = {10B72F88-E598-48F3-82E0-2A7472DA2208}
	EndGlobalSection
EndGlobal
